
Microsoft Visual Studio Solution File, Format Version 12.00
# Visual Studio Version 17
VisualStudioVersion = 17.0.31903.59
MinimumVisualStudioVersion = 10.0.40219.1
Project("{9A19103F-16F7-4668-BE54-9A1E7A4F7556}") = "MarsRover.ConsoleApp", "MarsRover.ConsoleApp\MarsRover.ConsoleApp.csproj", "{B1E9E3AB-1C8D-4D04-B934-C49799D8749E}"
EndProject
Project("{FAE04EC0-301F-11D3-BF4B-00C04F79EFBC}") = "MarsRover.Shared", "MarsRover.Shared\MarsRover.Shared.csproj", "{8476D96F-C8A1-4677-A85F-AE2DB00D2B4A}"
EndProject
Project("{FAE04EC0-301F-11D3-BF4B-00C04F79EFBC}") = "MarsRover.ServiceLayer", "MarsRover.ServiceLayer\MarsRover.ServiceLayer.csproj", "{44603218-6B8A-43E3-88F1-7F908DA2880C}"
EndProject
Project("{FAE04EC0-301F-11D3-BF4B-00C04F79EFBC}") = "MarsRover.ServiceLayer.UnitTests", "MarsRover.ServiceLayer.UnitTests\MarsRover.ServiceLayer.UnitTests.csproj", "{D9CEF4B5-E8CA-4509-A3CF-C42C8A2A623F}"
EndProject
Global
	GlobalSection(SolutionConfigurationPlatforms) = preSolution
		Debug|Any CPU = Debug|Any CPU
		Release|Any CPU = Release|Any CPU
	EndGlobalSection
	GlobalSection(ProjectConfigurationPlatforms) = postSolution
		{B1E9E3AB-1C8D-4D04-B934-C49799D8749E}.Debug|Any CPU.ActiveCfg = Debug|Any CPU
		{B1E9E3AB-1C8D-4D04-B934-C49799D8749E}.Debug|Any CPU.Build.0 = Debug|Any CPU
		{B1E9E3AB-1C8D-4D04-B934-C49799D8749E}.Release|Any CPU.ActiveCfg = Release|Any CPU
		{B1E9E3AB-1C8D-4D04-B934-C49799D8749E}.Release|Any CPU.Build.0 = Release|Any CPU
		{8476D96F-C8A1-4677-A85F-AE2DB00D2B4A}.Debug|Any CPU.ActiveCfg = Debug|Any CPU
		{8476D96F-C8A1-4677-A85F-AE2DB00D2B4A}.Debug|Any CPU.Build.0 = Debug|Any CPU
		{8476D96F-C8A1-4677-A85F-AE2DB00D2B4A}.Release|Any CPU.ActiveCfg = Release|Any CPU
		{8476D96F-C8A1-4677-A85F-AE2DB00D2B4A}.Release|Any CPU.Build.0 = Release|Any CPU
		{44603218-6B8A-43E3-88F1-7F908DA2880C}.Debug|Any CPU.ActiveCfg = Debug|Any CPU
		{44603218-6B8A-43E3-88F1-7F908DA2880C}.Debug|Any CPU.Build.0 = Debug|Any CPU
		{44603218-6B8A-43E3-88F1-7F908DA2880C}.Release|Any CPU.ActiveCfg = Release|Any CPU
		{44603218-6B8A-43E3-88F1-7F908DA2880C}.Release|Any CPU.Build.0 = Release|Any CPU
		{D9CEF4B5-E8CA-4509-A3CF-C42C8A2A623F}.Debug|Any CPU.ActiveCfg = Debug|Any CPU
		{D9CEF4B5-E8CA-4509-A3CF-C42C8A2A623F}.Debug|Any CPU.Build.0 = Debug|Any CPU
		{D9CEF4B5-E8CA-4509-A3CF-C42C8A2A623F}.Release|Any CPU.ActiveCfg = Release|Any CPU
		{D9CEF4B5-E8CA-4509-A3CF-C42C8A2A623F}.Release|Any CPU.Build.0 = Release|Any CPU
	EndGlobalSection
	GlobalSection(SolutionProperties) = preSolution
		HideSolutionNode = FALSE
	EndGlobalSection
	GlobalSection(ExtensibilityGlobals) = postSolution
		SolutionGuid = {F7D4F17C-3256-45AC-9FB5-99BC73F3B625}
	EndGlobalSection
EndGlobal
